
Microsoft Visual Studio Solution File, Format Version 12.00
# Visual Studio Version 17
VisualStudioVersion = 17.8.34330.188
MinimumVisualStudioVersion = 10.0.40219.1
Project("{FAE04EC0-301F-11D3-BF4B-00C04F79EFBC}") = "BlazorTrial", "BlazorTrial\BlazorTrial.csproj", "{0F382600-4729-4D25-BB27-10512CA3D179}"
EndProject
Global
	GlobalSection(SolutionConfigurationPlatforms) = preSolution
		Debug|Any CPU = Debug|Any CPU
		Release|Any CPU = Release|Any CPU
	EndGlobalSection
	GlobalSection(ProjectConfigurationPlatforms) = postSolution
		{0F382600-4729-4D25-BB27-10512CA3D179}.Debug|Any CPU.ActiveCfg = Debug|Any CPU
		{0F382600-4729-4D25-BB27-10512CA3D179}.Debug|Any CPU.Build.0 = Debug|Any CPU
		{0F382600-4729-4D25-BB27-10512CA3D179}.Release|Any CPU.ActiveCfg = Release|Any CPU
		{0F382600-4729-4D25-BB27-10512CA3D179}.Release|Any CPU.Build.0 = Release|Any CPU
	EndGlobalSection
	GlobalSection(SolutionProperties) = preSolution
		HideSolutionNode = FALSE
	EndGlobalSection
	GlobalSection(ExtensibilityGlobals) = postSolution
		SolutionGuid = {CF5831A4-0A7F-4A48-80C8-2A3EA1F9580C}
	EndGlobalSection
EndGlobal
